// !$*UTF8*$!
{
	archiveVersion = 1;
	classes = {
	};
	objectVersion = 50;
	objects = {

/* Begin PBXBuildFile section */
		A9711EBD229F152A005242C8 /* AppDelegate.swift in Sources */ = {isa = PBXBuildFile; fileRef = A9711EBC229F152A005242C8 /* AppDelegate.swift */; };
		A9711EBF229F152A005242C8 /* ViewController.swift in Sources */ = {isa = PBXBuildFile; fileRef = A9711EBE229F152A005242C8 /* ViewController.swift */; };
		A9711EC2229F152B005242C8 /* Main.storyboard in Resources */ = {isa = PBXBuildFile; fileRef = A9711EC0229F152B005242C8 /* Main.storyboard */; };
		A9711EC4229F1557005242C8 /* Assets.xcassets in Resources */ = {isa = PBXBuildFile; fileRef = A9711EC3229F1557005242C8 /* Assets.xcassets */; };
		A9711EC7229F1557005242C8 /* LaunchScreen.storyboard in Resources */ = {isa = PBXBuildFile; fileRef = A9711EC5229F1557005242C8 /* LaunchScreen.storyboard */; };
		A9711ECF229F15EB005242C8 /* Poule.swift in Sources */ = {isa = PBXBuildFile; fileRef = A9711ECE229F15EB005242C8 /* Poule.swift */; };
		A9E5827322A47E7D00DDD8A3 /* MultiRun.swift in Sources */ = {isa = PBXBuildFile; fileRef = A9E5827222A47E7D00DDD8A3 /* MultiRun.swift */; };
		A9EE290722A3CA8E00BFE3F2 /* TeamResult.swift in Sources */ = {isa = PBXBuildFile; fileRef = A9EE290622A3CA8E00BFE3F2 /* TeamResult.swift */; };
		A9EE290922A3CACE00BFE3F2 /* Match.swift in Sources */ = {isa = PBXBuildFile; fileRef = A9EE290822A3CACE00BFE3F2 /* Match.swift */; };
/* End PBXBuildFile section */

/* Begin PBXFileReference section */
		A9711EB9229F1529005242C8 /* Poule.app */ = {isa = PBXFileReference; explicitFileType = wrapper.application; includeInIndex = 0; path = Poule.app; sourceTree = BUILT_PRODUCTS_DIR; };
		A9711EBC229F152A005242C8 /* AppDelegate.swift */ = {isa = PBXFileReference; lastKnownFileType = sourcecode.swift; path = AppDelegate.swift; sourceTree = "<group>"; };
		A9711EBE229F152A005242C8 /* ViewController.swift */ = {isa = PBXFileReference; lastKnownFileType = sourcecode.swift; path = ViewController.swift; sourceTree = "<group>"; };
		A9711EC1229F152B005242C8 /* Base */ = {isa = PBXFileReference; lastKnownFileType = file.storyboard; name = Base; path = Base.lproj/Main.storyboard; sourceTree = "<group>"; };
		A9711EC3229F1557005242C8 /* Assets.xcassets */ = {isa = PBXFileReference; lastKnownFileType = folder.assetcatalog; path = Assets.xcassets; sourceTree = "<group>"; };
		A9711EC6229F1557005242C8 /* Base */ = {isa = PBXFileReference; lastKnownFileType = file.storyboard; name = Base; path = Base.lproj/LaunchScreen.storyboard; sourceTree = "<group>"; };
		A9711EC8229F1557005242C8 /* Info.plist */ = {isa = PBXFileReference; lastKnownFileType = text.plist.xml; path = Info.plist; sourceTree = "<group>"; };
		A9711ECE229F15EB005242C8 /* Poule.swift */ = {isa = PBXFileReference; lastKnownFileType = sourcecode.swift; path = Poule.swift; sourceTree = "<group>"; };
		A9E5827222A47E7D00DDD8A3 /* MultiRun.swift */ = {isa = PBXFileReference; lastKnownFileType = sourcecode.swift; path = MultiRun.swift; sourceTree = "<group>"; };
		A9EE290622A3CA8E00BFE3F2 /* TeamResult.swift */ = {isa = PBXFileReference; lastKnownFileType = sourcecode.swift; path = TeamResult.swift; sourceTree = "<group>"; };
		A9EE290822A3CACE00BFE3F2 /* Match.swift */ = {isa = PBXFileReference; lastKnownFileType = sourcecode.swift; path = Match.swift; sourceTree = "<group>"; };
/* End PBXFileReference section */

/* Begin PBXFrameworksBuildPhase section */
		A9711EB6229F1529005242C8 /* Frameworks */ = {
			isa = PBXFrameworksBuildPhase;
			buildActionMask = 2147483647;
			files = (
			);
			runOnlyForDeploymentPostprocessing = 0;
		};
/* End PBXFrameworksBuildPhase section */

/* Begin PBXGroup section */
		A9711EB0229F1528005242C8 = {
			isa = PBXGroup;
			children = (
				A9711EBB229F152A005242C8 /* Poule */,
				A9711EBA229F1529005242C8 /* Products */,
			);
			sourceTree = "<group>";
		};
		A9711EBA229F1529005242C8 /* Products */ = {
			isa = PBXGroup;
			children = (
				A9711EB9229F1529005242C8 /* Poule.app */,
			);
			name = Products;
			sourceTree = "<group>";
		};
		A9711EBB229F152A005242C8 /* Poule */ = {
			isa = PBXGroup;
			children = (
				A9711EBC229F152A005242C8 /* AppDelegate.swift */,
				A9711EBE229F152A005242C8 /* ViewController.swift */,
				A9E5827222A47E7D00DDD8A3 /* MultiRun.swift */,
				A9711ECE229F15EB005242C8 /* Poule.swift */,
				A9EE290822A3CACE00BFE3F2 /* Match.swift */,
				A9EE290622A3CA8E00BFE3F2 /* TeamResult.swift */,
				A9711EC0229F152B005242C8 /* Main.storyboard */,
				A9711EC3229F1557005242C8 /* Assets.xcassets */,
				A9711EC5229F1557005242C8 /* LaunchScreen.storyboard */,
				A9711EC8229F1557005242C8 /* Info.plist */,
			);
			path = Poule;
			sourceTree = "<group>";
		};
/* End PBXGroup section */

/* Begin PBXNativeTarget section */
		A9711EB8229F1529005242C8 /* Poule */ = {
			isa = PBXNativeTarget;
			buildConfigurationList = A9711ECB229F1557005242C8 /* Build configuration list for PBXNativeTarget "Poule" */;
			buildPhases = (
				A9711EB5229F1529005242C8 /* Sources */,
				A9711EB6229F1529005242C8 /* Frameworks */,
				A9711EB7229F1529005242C8 /* Resources */,
			);
			buildRules = (
			);
			dependencies = (
			);
			name = Poule;
			productName = Poule;
			productReference = A9711EB9229F1529005242C8 /* Poule.app */;
			productType = "com.apple.product-type.application";
		};
/* End PBXNativeTarget section */

/* Begin PBXProject section */
		A9711EB1229F1528005242C8 /* Project object */ = {
			isa = PBXProject;
			attributes = {
				LastSwiftUpdateCheck = 1010;
				LastUpgradeCheck = 1010;
				ORGANIZATIONNAME = "Jeroen Dunselman";
				TargetAttributes = {
					A9711EB8229F1529005242C8 = {
						CreatedOnToolsVersion = 10.1;
					};
				};
			};
			buildConfigurationList = A9711EB4229F1528005242C8 /* Build configuration list for PBXProject "Poule" */;
			compatibilityVersion = "Xcode 9.3";
			developmentRegion = en;
			hasScannedForEncodings = 0;
			knownRegions = (
				en,
				Base,
			);
			mainGroup = A9711EB0229F1528005242C8;
			productRefGroup = A9711EBA229F1529005242C8 /* Products */;
			projectDirPath = "";
			projectRoot = "";
			targets = (
				A9711EB8229F1529005242C8 /* Poule */,
			);
		};
/* End PBXProject section */

/* Begin PBXResourcesBuildPhase section */
		A9711EB7229F1529005242C8 /* Resources */ = {
			isa = PBXResourcesBuildPhase;
			buildActionMask = 2147483647;
			files = (
				A9711EC7229F1557005242C8 /* LaunchScreen.storyboard in Resources */,
				A9711EC4229F1557005242C8 /* Assets.xcassets in Resources */,
				A9711EC2229F152B005242C8 /* Main.storyboard in Resources */,
			);
			runOnlyForDeploymentPostprocessing = 0;
		};
/* End PBXResourcesBuildPhase section */

/* Begin PBXSourcesBuildPhase section */
		A9711EB5229F1529005242C8 /* Sources */ = {
			isa = PBXSourcesBuildPhase;
			buildActionMask = 2147483647;
			files = (
				A9711ECF229F15EB005242C8 /* Poule.swift in Sources */,
				A9EE290722A3CA8E00BFE3F2 /* TeamResult.swift in Sources */,
				A9711EBF229F152A005242C8 /* ViewController.swift in Sources */,
				A9EE290922A3CACE00BFE3F2 /* Match.swift in Sources */,
				A9711EBD229F152A005242C8 /* AppDelegate.swift in Sources */,
				A9E5827322A47E7D00DDD8A3 /* MultiRun.swift in Sources */,
			);
			runOnlyForDeploymentPostprocessing = 0;
		};
/* End PBXSourcesBuildPhase section */

/* Begin PBXVariantGroup section */
		A9711EC0229F152B005242C8 /* Main.storyboard */ = {
			isa = PBXVariantGroup;
			children = (
				A9711EC1229F152B005242C8 /* Base */,
			);
			name = Main.storyboard;
			sourceTree = "<group>";
		};
		A9711EC5229F1557005242C8 /* LaunchScreen.storyboard */ = {
			isa = PBXVariantGroup;
			children = (
				A9711EC6229F1557005242C8 /* Base */,
			);
			name = LaunchScreen.storyboard;
			sourceTree = "<group>";
		};
/* End PBXVariantGroup section */

/* Begin XCBuildConfiguration section */
		A9711EC9229F1557005242C8 /* Debug */ = {
			isa = XCBuildConfiguration;
			buildSettings = {
				ALWAYS_SEARCH_USER_PATHS = NO;
				CLANG_ANALYZER_NONNULL = YES;
				CLANG_ANALYZER_NUMBER_OBJECT_CONVERSION = YES_AGGRESSIVE;
				CLANG_CXX_LANGUAGE_STANDARD = "gnu++14";
				CLANG_CXX_LIBRARY = "libc++";
				CLANG_ENABLE_MODULES = YES;
				CLANG_ENABLE_OBJC_ARC = YES;
				CLANG_ENABLE_OBJC_WEAK = YES;
				CLANG_WARN_BLOCK_CAPTURE_AUTORELEASING = YES;
				CLANG_WARN_BOOL_CONVERSION = YES;
				CLANG_WARN_COMMA = YES;
				CLANG_WARN_CONSTANT_CONVERSION = YES;
				CLANG_WARN_DEPRECATED_OBJC_IMPLEMENTATIONS = YES;
				CLANG_WARN_DIRECT_OBJC_ISA_USAGE = YES_ERROR;
				CLANG_WARN_DOCUMENTATION_COMMENTS = YES;
				CLANG_WARN_EMPTY_BODY = YES;
				CLANG_WARN_ENUM_CONVERSION = YES;
				CLANG_WARN_INFINITE_RECURSION = YES;
				CLANG_WARN_INT_CONVERSION = YES;
				CLANG_WARN_NON_LITERAL_NULL_CONVERSION = YES;
				CLANG_WARN_OBJC_IMPLICIT_RETAIN_SELF = YES;
				CLANG_WARN_OBJC_LITERAL_CONVERSION = YES;
				CLANG_WARN_OBJC_ROOT_CLASS = YES_ERROR;
				CLANG_WARN_RANGE_LOOP_ANALYSIS = YES;
				CLANG_WARN_STRICT_PROTOTYPES = YES;
				CLANG_WARN_SUSPICIOUS_MOVE = YES;
				CLANG_WARN_UNGUARDED_AVAILABILITY = YES_AGGRESSIVE;
				CLANG_WARN_UNREACHABLE_CODE = YES;
				CLANG_WARN__DUPLICATE_METHOD_MATCH = YES;
				CODE_SIGN_IDENTITY = "iPhone Developer";
				COPY_PHASE_STRIP = NO;
				DEBUG_INFORMATION_FORMAT = dwarf;
				ENABLE_STRICT_OBJC_MSGSEND = YES;
				ENABLE_TESTABILITY = YES;
				GCC_C_LANGUAGE_STANDARD = gnu11;
				GCC_DYNAMIC_NO_PIC = NO;
				GCC_NO_COMMON_BLOCKS = YES;
				GCC_OPTIMIZATION_LEVEL = 0;
				GCC_PREPROCESSOR_DEFINITIONS = (
					"DEBUG=1",
					"$(inherited)",
				);
				GCC_WARN_64_TO_32_BIT_CONVERSION = YES;
				GCC_WARN_ABOUT_RETURN_TYPE = YES_ERROR;
				GCC_WARN_UNDECLARED_SELECTOR = YES;
				GCC_WARN_UNINITIALIZED_AUTOS = YES_AGGRESSIVE;
				GCC_WARN_UNUSED_FUNCTION = YES;
				GCC_WARN_UNUSED_VARIABLE = YES;
				IPHONEOS_DEPLOYMENT_TARGET = 12.1;
				MTL_ENABLE_DEBUG_INFO = INCLUDE_SOURCE;
				MTL_FAST_MATH = YES;
				ONLY_ACTIVE_ARCH = YES;
				SDKROOT = iphoneos;
				SWIFT_ACTIVE_COMPILATION_CONDITIONS = DEBUG;
				SWIFT_OPTIMIZATION_LEVEL = "-Onone";
			};
			name = Debug;
		};
		A9711ECA229F1557005242C8 /* Release */ = {
			isa = XCBuildConfiguration;
			buildSettings = {
				ALWAYS_SEARCH_USER_PATHS = NO;
				CLANG_ANALYZER_NONNULL = YES;
				CLANG_ANALYZER_NUMBER_OBJECT_CONVERSION = YES_AGGRESSIVE;
				CLANG_CXX_LANGUAGE_STANDARD = "gnu++14";
				CLANG_CXX_LIBRARY = "libc++";
				CLANG_ENABLE_MODULES = YES;
				CLANG_ENABLE_OBJC_ARC = YES;
				CLANG_ENABLE_OBJC_WEAK = YES;
				CLANG_WARN_BLOCK_CAPTURE_AUTORELEASING = YES;
				CLANG_WARN_BOOL_CONVERSION = YES;
				CLANG_WARN_COMMA = YES;
				CLANG_WARN_CONSTANT_CONVERSION = YES;
				CLANG_WARN_DEPRECATED_OBJC_IMPLEMENTATIONS = YES;
				CLANG_WARN_DIRECT_OBJC_ISA_USAGE = YES_ERROR;
				CLANG_WARN_DOCUMENTATION_COMMENTS = YES;
				CLANG_WARN_EMPTY_BODY = YES;
				CLANG_WARN_ENUM_CONVERSION = YES;
				CLANG_WARN_INFINITE_RECURSION = YES;
				CLANG_WARN_INT_CONVERSION = YES;
				CLANG_WARN_NON_LITERAL_NULL_CONVERSION = YES;
				CLANG_WARN_OBJC_IMPLICIT_RETAIN_SELF = YES;
				CLANG_WARN_OBJC_LITERAL_CONVERSION = YES;
				CLANG_WARN_OBJC_ROOT_CLASS = YES_ERROR;
				CLANG_WARN_RANGE_LOOP_ANALYSIS = YES;
				CLANG_WARN_STRICT_PROTOTYPES = YES;
				CLANG_WARN_SUSPICIOUS_MOVE = YES;
				CLANG_WARN_UNGUARDED_AVAILABILITY = YES_AGGRESSIVE;
				CLANG_WARN_UNREACHABLE_CODE = YES;
				CLANG_WARN__DUPLICATE_METHOD_MATCH = YES;
				CODE_SIGN_IDENTITY = "iPhone Developer";
				COPY_PHASE_STRIP = NO;
				DEBUG_INFORMATION_FORMAT = "dwarf-with-dsym";
				ENABLE_NS_ASSERTIONS = NO;
				ENABLE_STRICT_OBJC_MSGSEND = YES;
				GCC_C_LANGUAGE_STANDARD = gnu11;
				GCC_NO_COMMON_BLOCKS = YES;
				GCC_WARN_64_TO_32_BIT_CONVERSION = YES;
				GCC_WARN_ABOUT_RETURN_TYPE = YES_ERROR;
				GCC_WARN_UNDECLARED_SELECTOR = YES;
				GCC_WARN_UNINITIALIZED_AUTOS = YES_AGGRESSIVE;
				GCC_WARN_UNUSED_FUNCTION = YES;
				GCC_WARN_UNUSED_VARIABLE = YES;
				IPHONEOS_DEPLOYMENT_TARGET = 12.1;
				MTL_ENABLE_DEBUG_INFO = NO;
				MTL_FAST_MATH = YES;
				SDKROOT = iphoneos;
				SWIFT_COMPILATION_MODE = wholemodule;
				SWIFT_OPTIMIZATION_LEVEL = "-O";
				VALIDATE_PRODUCT = YES;
			};
			name = Release;
		};
		A9711ECC229F1557005242C8 /* Debug */ = {
			isa = XCBuildConfiguration;
			buildSettings = {
				ASSETCATALOG_COMPILER_APPICON_NAME = AppIcon;
				CODE_SIGN_STYLE = Automatic;
				DEVELOPMENT_TEAM = 447M47227T;
				INFOPLIST_FILE = Poule/Info.plist;
				IPHONEOS_DEPLOYMENT_TARGET = 10.3;
				LD_RUNPATH_SEARCH_PATHS = (
					"$(inherited)",
					"@executable_path/Frameworks",
				);
				PRODUCT_BUNDLE_IDENTIFIER = "-";
				PRODUCT_NAME = "$(TARGET_NAME)";
				SWIFT_VERSION = 4.2;
				TARGETED_DEVICE_FAMILY = "1,2";
			};
			name = Debug;
		};
		A9711ECD229F1557005242C8 /* Release */ = {
			isa = XCBuildConfiguration;
			buildSettings = {
				ASSETCATALOG_COMPILER_APPICON_NAME = AppIcon;
				CODE_SIGN_STYLE = Automatic;
				DEVELOPMENT_TEAM = 447M47227T;
				INFOPLIST_FILE = Poule/Info.plist;
				IPHONEOS_DEPLOYMENT_TARGET = 10.3;
				LD_RUNPATH_SEARCH_PATHS = (
					"$(inherited)",
					"@executable_path/Frameworks",
				);
				PRODUCT_BUNDLE_IDENTIFIER = "-";
				PRODUCT_NAME = "$(TARGET_NAME)";
				SWIFT_VERSION = 4.2;
				TARGETED_DEVICE_FAMILY = "1,2";
			};
			name = Release;
		};
/* End XCBuildConfiguration section */

/* Begin XCConfigurationList section */
		A9711EB4229F1528005242C8 /* Build configuration list for PBXProject "Poule" */ = {
			isa = XCConfigurationList;
			buildConfigurations = (
				A9711EC9229F1557005242C8 /* Debug */,
				A9711ECA229F1557005242C8 /* Release */,
			);
			defaultConfigurationIsVisible = 0;
			defaultConfigurationName = Release;
		};
		A9711ECB229F1557005242C8 /* Build configuration list for PBXNativeTarget "Poule" */ = {
			isa = XCConfigurationList;
			buildConfigurations = (
				A9711ECC229F1557005242C8 /* Debug */,
				A9711ECD229F1557005242C8 /* Release */,
			);
			defaultConfigurationIsVisible = 0;
			defaultConfigurationName = Release;
		};
/* End XCConfigurationList section */
	};
	rootObject = A9711EB1229F1528005242C8 /* Project object */;
}
